
Microsoft Visual Studio Solution File, Format Version 12.00
# Visual Studio 14
VisualStudioVersion = 14.0.24720.0
MinimumVisualStudioVersion = 10.0.40219.1
Project("{FAE04EC0-301F-11D3-BF4B-00C04F79EFBC}") = "Bomberman", "Bomberman\Bomberman\Bomberman.csproj", "{BFF826DE-1ECD-44C5-8C06-4029A681F923}"
EndProject
Project("{96E2B04D-8817-42C6-938A-82C39BA4D311}") = "BombermanContent", "Bomberman\BombermanContent\BombermanContent.contentproj", "{2107E659-80BD-495A-8914-3A52AAD7DFA1}"
EndProject
Global
	GlobalSection(SolutionConfigurationPlatforms) = preSolution
		Debug|x86 = Debug|x86
		Release|x86 = Release|x86
	EndGlobalSection
	GlobalSection(ProjectConfigurationPlatforms) = postSolution
		{BFF826DE-1ECD-44C5-8C06-4029A681F923}.Debug|x86.ActiveCfg = Debug|x86
		{BFF826DE-1ECD-44C5-8C06-4029A681F923}.Debug|x86.Build.0 = Debug|x86
		{BFF826DE-1ECD-44C5-8C06-4029A681F923}.Release|x86.ActiveCfg = Release|x86
		{BFF826DE-1ECD-44C5-8C06-4029A681F923}.Release|x86.Build.0 = Release|x86
		{2107E659-80BD-495A-8914-3A52AAD7DFA1}.Debug|x86.ActiveCfg = Debug|x86
		{2107E659-80BD-495A-8914-3A52AAD7DFA1}.Release|x86.ActiveCfg = Release|x86
	EndGlobalSection
	GlobalSection(SolutionProperties) = preSolution
		HideSolutionNode = FALSE
	EndGlobalSection
EndGlobal
